
Microsoft Visual Studio Solution File, Format Version 12.00
# Visual Studio Version 17
VisualStudioVersion = 17.7.34031.279
MinimumVisualStudioVersion = 10.0.40219.1
Project("{9A19103F-16F7-4668-BE54-9A1E7A4F7556}") = "LudoWebAPI", "LudoWebAPI\LudoWebAPI.csproj", "{7CB1824E-0792-4E40-83A1-52AF84EE0DE7}"
EndProject
Project("{2150E333-8FDC-42A3-9474-1A3956D46DE8}") = "Script", "Script", "{DB4F6BA0-6218-42AF-8523-388D1C3EEDC9}"
	ProjectSection(SolutionItems) = preProject
		Script\StoreItem.json = Script\StoreItem.json
		Script\User.json = Script\User.json
	EndProjectSection
EndProject
Project("{2150E333-8FDC-42A3-9474-1A3956D46DE8}") = "PostmanCollection", "PostmanCollection", "{C6954705-034C-48E4-97C9-C1568D189824}"
	ProjectSection(SolutionItems) = preProject
		PostmanCollection\Ludo Application.postman_collection.json = PostmanCollection\Ludo Application.postman_collection.json
	EndProjectSection
EndProject
Global
	GlobalSection(SolutionConfigurationPlatforms) = preSolution
		Debug|Any CPU = Debug|Any CPU
		Release|Any CPU = Release|Any CPU
	EndGlobalSection
	GlobalSection(ProjectConfigurationPlatforms) = postSolution
		{7CB1824E-0792-4E40-83A1-52AF84EE0DE7}.Debug|Any CPU.ActiveCfg = Debug|Any CPU
		{7CB1824E-0792-4E40-83A1-52AF84EE0DE7}.Debug|Any CPU.Build.0 = Debug|Any CPU
		{7CB1824E-0792-4E40-83A1-52AF84EE0DE7}.Release|Any CPU.ActiveCfg = Release|Any CPU
		{7CB1824E-0792-4E40-83A1-52AF84EE0DE7}.Release|Any CPU.Build.0 = Release|Any CPU
	EndGlobalSection
	GlobalSection(SolutionProperties) = preSolution
		HideSolutionNode = FALSE
	EndGlobalSection
	GlobalSection(ExtensibilityGlobals) = postSolution
		SolutionGuid = {CD5E011A-B58A-4AD8-9B4F-A1E094ECF525}
	EndGlobalSection
EndGlobal
